dependencies:
- name: minio
  repository: https://charts.min.io/
  version: 5.4.0
- name: rollout-operator
  repository: https://grafana.github.io/helm-charts
  version: 0.48.0
digest: sha256:5f0675ee81d92655ab8c0ea993fcc922683c43104e6e67bd3cb9a1f43f3f4baa
generated: "2026-05-06T01:04:20.044455138Z"
