dependencies:
- name: minio
  repository: https://charts.min.io/
  version: 4.1.0
- name: grafana-agent-operator
  repository: https://grafana.github.io/helm-charts
  version: 0.5.2
- name: rollout-operator
  repository: https://grafana.github.io/helm-charts
  version: 0.42.0
digest: sha256:58f6d9932cb3e67c39762c3055ac3d26fa882a03c07ad29db6ccfa591feeb90d
generated: "2026-02-18T00:58:26.804856289Z"
