dependencies:
- name: grafana-agent-operator
  repository: https://grafana.github.io/helm-charts
  version: 0.5.2
- name: rollout-operator
  repository: https://grafana.github.io/helm-charts
  version: 0.50.1
digest: sha256:cd9604c1dcde75457d671b5fb4464de52929bf25a4a53c482751f068eae5040e
generated: "2026-07-17T18:14:07.215210014Z"
