dependencies:
- name: grafana-agent-operator
  repository: https://grafana.github.io/helm-charts
  version: 0.5.2
- name: rollout-operator
  repository: https://grafana.github.io/helm-charts
  version: 0.50.0
digest: sha256:1538f915020f37064c093bd3682b5e849c1dd8969054571a79d9f89f77806282
generated: "2026-06-21T09:16:16.378171072+02:00"
